
Microsoft Visual Studio Solution File, Format Version 12.00
Project("{FAE04EC0-301F-11D3-BF4B-00C04F79EFBC}") = "MTCG_Wiktoria", "MTCG_Wiktoria\MTCG_Wiktoria.csproj", "{29016701-6494-4AED-8D64-95BD0CA68DBB}"
EndProject
Global
	GlobalSection(SolutionConfigurationPlatforms) = preSolution
		Debug|Any CPU = Debug|Any CPU
		Release|Any CPU = Release|Any CPU
	EndGlobalSection
	GlobalSection(ProjectConfigurationPlatforms) = postSolution
		{29016701-6494-4AED-8D64-95BD0CA68DBB}.Debug|Any CPU.ActiveCfg = Debug|Any CPU
		{29016701-6494-4AED-8D64-95BD0CA68DBB}.Debug|Any CPU.Build.0 = Debug|Any CPU
		{29016701-6494-4AED-8D64-95BD0CA68DBB}.Release|Any CPU.ActiveCfg = Release|Any CPU
		{29016701-6494-4AED-8D64-95BD0CA68DBB}.Release|Any CPU.Build.0 = Release|Any CPU
	EndGlobalSection
EndGlobal
